<?xml version="1.0" encoding="utf-8"?>
<Project ToolsVersion="4.0" xmlns="http://schemas.microsoft.com/developer/msbuild/2003">
  <ItemGroup>
    <Filter Include="main">
      <UniqueIdentifier>{ce3c4430-f47b-4197-b4db-4505d0c4a59e}</UniqueIdentifier>
    </Filter>
    <Filter Include="bus">
      <UniqueIdentifier>{63e500b3-f6ad-4939-a497-d9eefd2618b2}</UniqueIdentifier>
    </Filter>
    <Filter Include="stop">
      <UniqueIdentifier>{d8ccb71b-f531-4153-ad62-1823f4edf6db}</UniqueIdentifier>
    </Filter>
    <Filter Include="system">
      <UniqueIdentifier>{29dd56ae-bdd6-434b-84dc-3a7397d4b837}</UniqueIdentifier>
    </Filter>
    <Filter Include="passenger">
      <UniqueIdentifier>{95dd4bef-3795-4c35-8e6c-323ce35184f8}</UniqueIdentifier>
    </Filter>
  </ItemGroup>
  <ItemGroup>
    <ClCompile Include="main.cpp">
      <Filter>main</Filter>
    </ClCompile>
    <ClCompile Include="bus.cpp">
      <Filter>bus</Filter>
    </ClCompile>
    <ClCompile Include="stop.cpp">
      <Filter>stop</Filter>
    </ClCompile>
    <ClCompile Include="passenger.cpp">
      <Filter>passenger</Filter>
    </ClCompile>
    <ClCompile Include="system.cpp">
      <Filter>system</Filter>
    </ClCompile>
  </ItemGroup>
  <ItemGroup>
    <ClInclude Include="bus.h">
      <Filter>bus</Filter>
    </ClInclude>
    <ClInclude Include="stop.h">
      <Filter>stop</Filter>
    </ClInclude>
    <ClInclude Include="passenger.h">
      <Filter>passenger</Filter>
    </ClInclude>
    <ClInclude Include="system.h">
      <Filter>system</Filter>
    </ClInclude>
  </ItemGroup>
</Project>